
Microsoft Visual Studio Solution File, Format Version 12.00
# Visual Studio Version 16
VisualStudioVersion = 16.0.30711.63
MinimumVisualStudioVersion = 10.0.40219.1
Project("{FAE04EC0-301F-11D3-BF4B-00C04F79EFBC}") = "University Simulation", "University Simulation.csproj", "{49E97239-09AF-4282-8FFF-C58120991CB5}"
EndProject
Global
	GlobalSection(SolutionConfigurationPlatforms) = preSolution
		Debug|Any CPU = Debug|Any CPU
		Release|Any CPU = Release|Any CPU
	EndGlobalSection
	GlobalSection(ProjectConfigurationPlatforms) = postSolution
		{49E97239-09AF-4282-8FFF-C58120991CB5}.Debug|Any CPU.ActiveCfg = Debug|Any CPU
		{49E97239-09AF-4282-8FFF-C58120991CB5}.Debug|Any CPU.Build.0 = Debug|Any CPU
		{49E97239-09AF-4282-8FFF-C58120991CB5}.Release|Any CPU.ActiveCfg = Release|Any CPU
		{49E97239-09AF-4282-8FFF-C58120991CB5}.Release|Any CPU.Build.0 = Release|Any CPU
	EndGlobalSection
	GlobalSection(SolutionProperties) = preSolution
		HideSolutionNode = FALSE
	EndGlobalSection
	GlobalSection(ExtensibilityGlobals) = postSolution
		SolutionGuid = {A699630D-A626-4B9D-AC47-748768D8E34D}
	EndGlobalSection
EndGlobal
